
Microsoft Visual Studio Solution File, Format Version 12.00
# Visual Studio Version 16
VisualStudioVersion = 16.0.30611.23
MinimumVisualStudioVersion = 10.0.40219.1
Project("{FAE04EC0-301F-11D3-BF4B-00C04F79EFBC}") = "StarterApp", "StarterApp\StarterApp.csproj", "{B930AE0B-0DA3-4987-A6F7-E4E9C64559ED}"
EndProject
Global
	GlobalSection(SolutionConfigurationPlatforms) = preSolution
		Debug|Any CPU = Debug|Any CPU
		Release|Any CPU = Release|Any CPU
	EndGlobalSection
	GlobalSection(ProjectConfigurationPlatforms) = postSolution
		{B930AE0B-0DA3-4987-A6F7-E4E9C64559ED}.Debug|Any CPU.ActiveCfg = Debug|Any CPU
		{B930AE0B-0DA3-4987-A6F7-E4E9C64559ED}.Debug|Any CPU.Build.0 = Debug|Any CPU
		{B930AE0B-0DA3-4987-A6F7-E4E9C64559ED}.Release|Any CPU.ActiveCfg = Release|Any CPU
		{B930AE0B-0DA3-4987-A6F7-E4E9C64559ED}.Release|Any CPU.Build.0 = Release|Any CPU
	EndGlobalSection
	GlobalSection(SolutionProperties) = preSolution
		HideSolutionNode = FALSE
	EndGlobalSection
	GlobalSection(ExtensibilityGlobals) = postSolution
		SolutionGuid = {3EEE78A0-EC76-41D1-9396-829C8C62D86E}
	EndGlobalSection
EndGlobal
